
Microsoft Visual Studio Solution File, Format Version 12.00
# Visual Studio Version 17
VisualStudioVersion = 17.0.32014.148
MinimumVisualStudioVersion = 10.0.40219.1
Project("{9A19103F-16F7-4668-BE54-9A1E7A4F7556}") = "easyTradeLoginService", "easyTradeLoginService\easyTradeLoginService.csproj", "{C9EFF076-6656-4164-8C98-3B80C7E9B830}"
EndProject
Global
	GlobalSection(SolutionConfigurationPlatforms) = preSolution
		Debug|Any CPU = Debug|Any CPU
		Release|Any CPU = Release|Any CPU
	EndGlobalSection
	GlobalSection(ProjectConfigurationPlatforms) = postSolution
		{C9EFF076-6656-4164-8C98-3B80C7E9B830}.Debug|Any CPU.ActiveCfg = Debug|Any CPU
		{C9EFF076-6656-4164-8C98-3B80C7E9B830}.Debug|Any CPU.Build.0 = Debug|Any CPU
		{C9EFF076-6656-4164-8C98-3B80C7E9B830}.Release|Any CPU.ActiveCfg = Release|Any CPU
		{C9EFF076-6656-4164-8C98-3B80C7E9B830}.Release|Any CPU.Build.0 = Release|Any CPU
	EndGlobalSection
	GlobalSection(SolutionProperties) = preSolution
		HideSolutionNode = FALSE
	EndGlobalSection
	GlobalSection(ExtensibilityGlobals) = postSolution
		SolutionGuid = {35A1599C-ABE1-4D16-9D4C-9D176D50358D}
	EndGlobalSection
EndGlobal
